
Microsoft Visual Studio Solution File, Format Version 12.00
# Visual Studio 15
VisualStudioVersion = 15.0.26124.0
MinimumVisualStudioVersion = 15.0.26124.0
Project("{2150E333-8FDC-42A3-9474-1A3956D46DE8}") = "src", "src", "{63724549-6C1A-4AB7-BDFC-CCF814F99CCF}"
EndProject
Project("{F2A71F9B-5D33-465A-A702-920D77279786}") = "JsonLoader", "src\JsonLoader\JsonLoader.fsproj", "{79623EB1-DA0B-4686-ADF0-307C504926A5}"
EndProject
Project("{F2A71F9B-5D33-465A-A702-920D77279786}") = "JsonLoader.DesignTime", "src\JsonLoader.DesignTime\JsonLoader.DesignTime.fsproj", "{7567D7C3-69DC-4CE8-84B9-FF50896EC7A2}"
EndProject
Global
	GlobalSection(SolutionConfigurationPlatforms) = preSolution
		Debug|Any CPU = Debug|Any CPU
		Debug|x64 = Debug|x64
		Debug|x86 = Debug|x86
		Release|Any CPU = Release|Any CPU
		Release|x64 = Release|x64
		Release|x86 = Release|x86
	EndGlobalSection
	GlobalSection(SolutionProperties) = preSolution
		HideSolutionNode = FALSE
	EndGlobalSection
	GlobalSection(ProjectConfigurationPlatforms) = postSolution
		{79623EB1-DA0B-4686-ADF0-307C504926A5}.Debug|Any CPU.ActiveCfg = Debug|Any CPU
		{79623EB1-DA0B-4686-ADF0-307C504926A5}.Debug|Any CPU.Build.0 = Debug|Any CPU
		{79623EB1-DA0B-4686-ADF0-307C504926A5}.Debug|x64.ActiveCfg = Debug|Any CPU
		{79623EB1-DA0B-4686-ADF0-307C504926A5}.Debug|x64.Build.0 = Debug|Any CPU
		{79623EB1-DA0B-4686-ADF0-307C504926A5}.Debug|x86.ActiveCfg = Debug|Any CPU
		{79623EB1-DA0B-4686-ADF0-307C504926A5}.Debug|x86.Build.0 = Debug|Any CPU
		{79623EB1-DA0B-4686-ADF0-307C504926A5}.Release|Any CPU.ActiveCfg = Release|Any CPU
		{79623EB1-DA0B-4686-ADF0-307C504926A5}.Release|Any CPU.Build.0 = Release|Any CPU
		{79623EB1-DA0B-4686-ADF0-307C504926A5}.Release|x64.ActiveCfg = Release|Any CPU
		{79623EB1-DA0B-4686-ADF0-307C504926A5}.Release|x64.Build.0 = Release|Any CPU
		{79623EB1-DA0B-4686-ADF0-307C504926A5}.Release|x86.ActiveCfg = Release|Any CPU
		{79623EB1-DA0B-4686-ADF0-307C504926A5}.Release|x86.Build.0 = Release|Any CPU
		{7567D7C3-69DC-4CE8-84B9-FF50896EC7A2}.Debug|Any CPU.ActiveCfg = Debug|Any CPU
		{7567D7C3-69DC-4CE8-84B9-FF50896EC7A2}.Debug|Any CPU.Build.0 = Debug|Any CPU
		{7567D7C3-69DC-4CE8-84B9-FF50896EC7A2}.Debug|x64.ActiveCfg = Debug|Any CPU
		{7567D7C3-69DC-4CE8-84B9-FF50896EC7A2}.Debug|x64.Build.0 = Debug|Any CPU
		{7567D7C3-69DC-4CE8-84B9-FF50896EC7A2}.Debug|x86.ActiveCfg = Debug|Any CPU
		{7567D7C3-69DC-4CE8-84B9-FF50896EC7A2}.Debug|x86.Build.0 = Debug|Any CPU
		{7567D7C3-69DC-4CE8-84B9-FF50896EC7A2}.Release|Any CPU.ActiveCfg = Release|Any CPU
		{7567D7C3-69DC-4CE8-84B9-FF50896EC7A2}.Release|Any CPU.Build.0 = Release|Any CPU
		{7567D7C3-69DC-4CE8-84B9-FF50896EC7A2}.Release|x64.ActiveCfg = Release|Any CPU
		{7567D7C3-69DC-4CE8-84B9-FF50896EC7A2}.Release|x64.Build.0 = Release|Any CPU
		{7567D7C3-69DC-4CE8-84B9-FF50896EC7A2}.Release|x86.ActiveCfg = Release|Any CPU
		{7567D7C3-69DC-4CE8-84B9-FF50896EC7A2}.Release|x86.Build.0 = Release|Any CPU
	EndGlobalSection
	GlobalSection(NestedProjects) = preSolution
		{79623EB1-DA0B-4686-ADF0-307C504926A5} = {63724549-6C1A-4AB7-BDFC-CCF814F99CCF}
		{7567D7C3-69DC-4CE8-84B9-FF50896EC7A2} = {63724549-6C1A-4AB7-BDFC-CCF814F99CCF}
	EndGlobalSection
EndGlobal
